
Microsoft Visual Studio Solution File, Format Version 12.00
# Visual Studio Version 16
VisualStudioVersion = 16.0.30907.101
MinimumVisualStudioVersion = 10.0.40219.1
Project("{9A19103F-16F7-4668-BE54-9A1E7A4F7556}") = "ManticoreSearch.Client", "src\ManticoreSearch.Client\ManticoreSearch.Client.csproj", "{E1053441-42D6-4E48-AABD-F36324FD3E88}"
EndProject
Project("{FAE04EC0-301F-11D3-BF4B-00C04F79EFBC}") = "ManticoreSearch.Client.Test", "ManticoreSearch.Client.Test\ManticoreSearch.Client.Test.csproj", "{5D6CB783-3DAD-4B34-AB86-9D26B576216D}"
EndProject
Project("{FAE04EC0-301F-11D3-BF4B-00C04F79EFBC}") = "ManticoreSearch.Console.Test", "ManticoreSearch.Console.Test\ManticoreSearch.Console.Test.csproj", "{9E4F58B3-28C2-43F0-BBD8-8509C14FD960}"
EndProject
Global
	GlobalSection(SolutionConfigurationPlatforms) = preSolution
		Debug|Any CPU = Debug|Any CPU
		Release|Any CPU = Release|Any CPU
	EndGlobalSection
	GlobalSection(ProjectConfigurationPlatforms) = postSolution
		{E1053441-42D6-4E48-AABD-F36324FD3E88}.Debug|Any CPU.ActiveCfg = Debug|Any CPU
		{E1053441-42D6-4E48-AABD-F36324FD3E88}.Debug|Any CPU.Build.0 = Debug|Any CPU
		{E1053441-42D6-4E48-AABD-F36324FD3E88}.Release|Any CPU.ActiveCfg = Release|Any CPU
		{E1053441-42D6-4E48-AABD-F36324FD3E88}.Release|Any CPU.Build.0 = Release|Any CPU
		{5D6CB783-3DAD-4B34-AB86-9D26B576216D}.Debug|Any CPU.ActiveCfg = Debug|Any CPU
		{5D6CB783-3DAD-4B34-AB86-9D26B576216D}.Debug|Any CPU.Build.0 = Debug|Any CPU
		{5D6CB783-3DAD-4B34-AB86-9D26B576216D}.Release|Any CPU.ActiveCfg = Release|Any CPU
		{5D6CB783-3DAD-4B34-AB86-9D26B576216D}.Release|Any CPU.Build.0 = Release|Any CPU
		{9E4F58B3-28C2-43F0-BBD8-8509C14FD960}.Debug|Any CPU.ActiveCfg = Debug|Any CPU
		{9E4F58B3-28C2-43F0-BBD8-8509C14FD960}.Debug|Any CPU.Build.0 = Debug|Any CPU
		{9E4F58B3-28C2-43F0-BBD8-8509C14FD960}.Release|Any CPU.ActiveCfg = Release|Any CPU
		{9E4F58B3-28C2-43F0-BBD8-8509C14FD960}.Release|Any CPU.Build.0 = Release|Any CPU
	EndGlobalSection
	GlobalSection(SolutionProperties) = preSolution
		HideSolutionNode = FALSE
	EndGlobalSection
	GlobalSection(ExtensibilityGlobals) = postSolution
		SolutionGuid = {0A4CC1C1-BE20-491A-BA06-6675BCBA46E2}
	EndGlobalSection
EndGlobal
